
Microsoft Visual Studio Solution File, Format Version 12.00
# Visual Studio 15
Project("{FAE04EC0-301F-11D3-BF4B-00C04F79EFBC}") = "Scripts", "Scripts.csproj", "{8854E02E-B8D2-B677-6ADF-BE0BFD9160CE}"
EndProject
Project("{FAE04EC0-301F-11D3-BF4B-00C04F79EFBC}") = "PlayModeTests", "PlayModeTests.csproj", "{77912E85-07D3-CE81-BD43-D83A7302FF8E}"
EndProject
Project("{FAE04EC0-301F-11D3-BF4B-00C04F79EFBC}") = "Tests", "Tests.csproj", "{F7C6F272-6F43-4CE7-7D8E-6F60651531A9}"
EndProject
Global
	GlobalSection(SolutionConfigurationPlatforms) = preSolution
		Debug|Any CPU = Debug|Any CPU
		Release|Any CPU = Release|Any CPU
	EndGlobalSection
	GlobalSection(ProjectConfigurationPlatforms) = postSolution
		{8854E02E-B8D2-B677-6ADF-BE0BFD9160CE}.Debug|Any CPU.ActiveCfg = Debug|Any CPU
		{8854E02E-B8D2-B677-6ADF-BE0BFD9160CE}.Debug|Any CPU.Build.0 = Debug|Any CPU
		{8854E02E-B8D2-B677-6ADF-BE0BFD9160CE}.Release|Any CPU.ActiveCfg = Release|Any CPU
		{8854E02E-B8D2-B677-6ADF-BE0BFD9160CE}.Release|Any CPU.Build.0 = Release|Any CPU
		{77912E85-07D3-CE81-BD43-D83A7302FF8E}.Debug|Any CPU.ActiveCfg = Debug|Any CPU
		{77912E85-07D3-CE81-BD43-D83A7302FF8E}.Debug|Any CPU.Build.0 = Debug|Any CPU
		{77912E85-07D3-CE81-BD43-D83A7302FF8E}.Release|Any CPU.ActiveCfg = Release|Any CPU
		{77912E85-07D3-CE81-BD43-D83A7302FF8E}.Release|Any CPU.Build.0 = Release|Any CPU
		{F7C6F272-6F43-4CE7-7D8E-6F60651531A9}.Debug|Any CPU.ActiveCfg = Debug|Any CPU
		{F7C6F272-6F43-4CE7-7D8E-6F60651531A9}.Debug|Any CPU.Build.0 = Debug|Any CPU
		{F7C6F272-6F43-4CE7-7D8E-6F60651531A9}.Release|Any CPU.ActiveCfg = Release|Any CPU
		{F7C6F272-6F43-4CE7-7D8E-6F60651531A9}.Release|Any CPU.Build.0 = Release|Any CPU
	EndGlobalSection
	GlobalSection(SolutionProperties) = preSolution
		HideSolutionNode = FALSE
	EndGlobalSection
EndGlobal
